
Microsoft Visual Studio Solution File, Format Version 12.00
# Visual Studio Version 17
VisualStudioVersion = 17.1.32328.378
MinimumVisualStudioVersion = 10.0.40219.1
Project("{FAE04EC0-301F-11D3-BF4B-00C04F79EFBC}") = "Employee", "Employee\Employee.csproj", "{345D9743-087B-4E82-B8B5-B529B6941946}"
EndProject
Global
	GlobalSection(SolutionConfigurationPlatforms) = preSolution
		Debug|Any CPU = Debug|Any CPU
		Release|Any CPU = Release|Any CPU
	EndGlobalSection
	GlobalSection(ProjectConfigurationPlatforms) = postSolution
		{345D9743-087B-4E82-B8B5-B529B6941946}.Debug|Any CPU.ActiveCfg = Debug|Any CPU
		{345D9743-087B-4E82-B8B5-B529B6941946}.Debug|Any CPU.Build.0 = Debug|Any CPU
		{345D9743-087B-4E82-B8B5-B529B6941946}.Release|Any CPU.ActiveCfg = Release|Any CPU
		{345D9743-087B-4E82-B8B5-B529B6941946}.Release|Any CPU.Build.0 = Release|Any CPU
	EndGlobalSection
	GlobalSection(SolutionProperties) = preSolution
		HideSolutionNode = FALSE
	EndGlobalSection
	GlobalSection(ExtensibilityGlobals) = postSolution
		SolutionGuid = {D748C735-A0F8-4739-956A-CA8A96307231}
	EndGlobalSection
EndGlobal
