
Microsoft Visual Studio Solution File, Format Version 12.00
# Visual Studio Version 17
VisualStudioVersion = 17.1.32328.378
MinimumVisualStudioVersion = 10.0.40219.1
Project("{FAE04EC0-301F-11D3-BF4B-00C04F79EFBC}") = "Calculator", "Calculator\Calculator.csproj", "{8CC8EDE0-BF97-4FCA-B48C-8002EF1FF08B}"
EndProject
Global
	GlobalSection(SolutionConfigurationPlatforms) = preSolution
		Debug|Any CPU = Debug|Any CPU
		Release|Any CPU = Release|Any CPU
	EndGlobalSection
	GlobalSection(ProjectConfigurationPlatforms) = postSolution
		{8CC8EDE0-BF97-4FCA-B48C-8002EF1FF08B}.Debug|Any CPU.ActiveCfg = Debug|Any CPU
		{8CC8EDE0-BF97-4FCA-B48C-8002EF1FF08B}.Debug|Any CPU.Build.0 = Debug|Any CPU
		{8CC8EDE0-BF97-4FCA-B48C-8002EF1FF08B}.Release|Any CPU.ActiveCfg = Release|Any CPU
		{8CC8EDE0-BF97-4FCA-B48C-8002EF1FF08B}.Release|Any CPU.Build.0 = Release|Any CPU
	EndGlobalSection
	GlobalSection(SolutionProperties) = preSolution
		HideSolutionNode = FALSE
	EndGlobalSection
	GlobalSection(ExtensibilityGlobals) = postSolution
		SolutionGuid = {C2EFF5AC-84F8-4A4B-8097-6D8016058A7A}
	EndGlobalSection
EndGlobal
