
Microsoft Visual Studio Solution File, Format Version 12.00
# Visual Studio Version 17
VisualStudioVersion = 17.1.32328.378
MinimumVisualStudioVersion = 10.0.40219.1
Project("{FAE04EC0-301F-11D3-BF4B-00C04F79EFBC}") = "ParamsArray", "ParamsArray\ParamsArray.csproj", "{69934661-DB76-4DF3-BEA9-9E028DA10157}"
EndProject
Global
	GlobalSection(SolutionConfigurationPlatforms) = preSolution
		Debug|Any CPU = Debug|Any CPU
		Release|Any CPU = Release|Any CPU
	EndGlobalSection
	GlobalSection(ProjectConfigurationPlatforms) = postSolution
		{69934661-DB76-4DF3-BEA9-9E028DA10157}.Debug|Any CPU.ActiveCfg = Debug|Any CPU
		{69934661-DB76-4DF3-BEA9-9E028DA10157}.Debug|Any CPU.Build.0 = Debug|Any CPU
		{69934661-DB76-4DF3-BEA9-9E028DA10157}.Release|Any CPU.ActiveCfg = Release|Any CPU
		{69934661-DB76-4DF3-BEA9-9E028DA10157}.Release|Any CPU.Build.0 = Release|Any CPU
	EndGlobalSection
	GlobalSection(SolutionProperties) = preSolution
		HideSolutionNode = FALSE
	EndGlobalSection
	GlobalSection(ExtensibilityGlobals) = postSolution
		SolutionGuid = {B71651AE-13F1-43EB-8DE0-0103B27DF8EC}
	EndGlobalSection
EndGlobal
