
Microsoft Visual Studio Solution File, Format Version 12.00
# Visual Studio Version 17
VisualStudioVersion = 17.1.32328.378
MinimumVisualStudioVersion = 10.0.40219.1
Project("{FAE04EC0-301F-11D3-BF4B-00C04F79EFBC}") = "StructBook", "StructBook\StructBook.csproj", "{080459AF-8D97-4B78-91AC-2DD6C54D934B}"
EndProject
Global
	GlobalSection(SolutionConfigurationPlatforms) = preSolution
		Debug|Any CPU = Debug|Any CPU
		Release|Any CPU = Release|Any CPU
	EndGlobalSection
	GlobalSection(ProjectConfigurationPlatforms) = postSolution
		{080459AF-8D97-4B78-91AC-2DD6C54D934B}.Debug|Any CPU.ActiveCfg = Debug|Any CPU
		{080459AF-8D97-4B78-91AC-2DD6C54D934B}.Debug|Any CPU.Build.0 = Debug|Any CPU
		{080459AF-8D97-4B78-91AC-2DD6C54D934B}.Release|Any CPU.ActiveCfg = Release|Any CPU
		{080459AF-8D97-4B78-91AC-2DD6C54D934B}.Release|Any CPU.Build.0 = Release|Any CPU
	EndGlobalSection
	GlobalSection(SolutionProperties) = preSolution
		HideSolutionNode = FALSE
	EndGlobalSection
	GlobalSection(ExtensibilityGlobals) = postSolution
		SolutionGuid = {0E27E9C4-D7D7-48AD-BA53-E6208125FE14}
	EndGlobalSection
EndGlobal
