
Microsoft Visual Studio Solution File, Format Version 12.00
# Visual Studio Version 17
VisualStudioVersion = 17.1.32328.378
MinimumVisualStudioVersion = 10.0.40219.1
Project("{FAE04EC0-301F-11D3-BF4B-00C04F79EFBC}") = "Streaming", "Streaming\Streaming.csproj", "{26460F25-98DD-49E8-BE46-3E199AE22FB3}"
EndProject
Global
	GlobalSection(SolutionConfigurationPlatforms) = preSolution
		Debug|Any CPU = Debug|Any CPU
		Release|Any CPU = Release|Any CPU
	EndGlobalSection
	GlobalSection(ProjectConfigurationPlatforms) = postSolution
		{26460F25-98DD-49E8-BE46-3E199AE22FB3}.Debug|Any CPU.ActiveCfg = Debug|Any CPU
		{26460F25-98DD-49E8-BE46-3E199AE22FB3}.Debug|Any CPU.Build.0 = Debug|Any CPU
		{26460F25-98DD-49E8-BE46-3E199AE22FB3}.Release|Any CPU.ActiveCfg = Release|Any CPU
		{26460F25-98DD-49E8-BE46-3E199AE22FB3}.Release|Any CPU.Build.0 = Release|Any CPU
	EndGlobalSection
	GlobalSection(SolutionProperties) = preSolution
		HideSolutionNode = FALSE
	EndGlobalSection
	GlobalSection(ExtensibilityGlobals) = postSolution
		SolutionGuid = {91B2EEE5-B2CD-4178-9455-6F029401D4C6}
	EndGlobalSection
EndGlobal
