
Microsoft Visual Studio Solution File, Format Version 12.00
# Visual Studio Version 17
VisualStudioVersion = 17.1.32328.378
MinimumVisualStudioVersion = 10.0.40219.1
Project("{FAE04EC0-301F-11D3-BF4B-00C04F79EFBC}") = "Delegate", "Delegate\Delegate.csproj", "{7CCE4F8C-2543-49E6-928B-B360BA021807}"
EndProject
Global
	GlobalSection(SolutionConfigurationPlatforms) = preSolution
		Debug|Any CPU = Debug|Any CPU
		Release|Any CPU = Release|Any CPU
	EndGlobalSection
	GlobalSection(ProjectConfigurationPlatforms) = postSolution
		{7CCE4F8C-2543-49E6-928B-B360BA021807}.Debug|Any CPU.ActiveCfg = Debug|Any CPU
		{7CCE4F8C-2543-49E6-928B-B360BA021807}.Debug|Any CPU.Build.0 = Debug|Any CPU
		{7CCE4F8C-2543-49E6-928B-B360BA021807}.Release|Any CPU.ActiveCfg = Release|Any CPU
		{7CCE4F8C-2543-49E6-928B-B360BA021807}.Release|Any CPU.Build.0 = Release|Any CPU
	EndGlobalSection
	GlobalSection(SolutionProperties) = preSolution
		HideSolutionNode = FALSE
	EndGlobalSection
	GlobalSection(ExtensibilityGlobals) = postSolution
		SolutionGuid = {63B26269-3A8C-4615-A7CA-3EA0FCDD7BCF}
	EndGlobalSection
EndGlobal
