
Microsoft Visual Studio Solution File, Format Version 12.00
# Visual Studio Version 17
VisualStudioVersion = 17.1.32328.378
MinimumVisualStudioVersion = 10.0.40219.1
Project("{FAE04EC0-301F-11D3-BF4B-00C04F79EFBC}") = "FileOperations", "FileOperations\FileOperations.csproj", "{0E3C2A8E-8AF1-4302-A07C-1F34E7988699}"
EndProject
Global
	GlobalSection(SolutionConfigurationPlatforms) = preSolution
		Debug|Any CPU = Debug|Any CPU
		Release|Any CPU = Release|Any CPU
	EndGlobalSection
	GlobalSection(ProjectConfigurationPlatforms) = postSolution
		{0E3C2A8E-8AF1-4302-A07C-1F34E7988699}.Debug|Any CPU.ActiveCfg = Debug|Any CPU
		{0E3C2A8E-8AF1-4302-A07C-1F34E7988699}.Debug|Any CPU.Build.0 = Debug|Any CPU
		{0E3C2A8E-8AF1-4302-A07C-1F34E7988699}.Release|Any CPU.ActiveCfg = Release|Any CPU
		{0E3C2A8E-8AF1-4302-A07C-1F34E7988699}.Release|Any CPU.Build.0 = Release|Any CPU
	EndGlobalSection
	GlobalSection(SolutionProperties) = preSolution
		HideSolutionNode = FALSE
	EndGlobalSection
	GlobalSection(ExtensibilityGlobals) = postSolution
		SolutionGuid = {39E7B147-A824-4689-AB9D-CBCF3D9E317F}
	EndGlobalSection
EndGlobal
