
Microsoft Visual Studio Solution File, Format Version 12.00
# Visual Studio Version 17
VisualStudioVersion = 17.1.32328.378
MinimumVisualStudioVersion = 10.0.40219.1
Project("{FAE04EC0-301F-11D3-BF4B-00C04F79EFBC}") = "List", "List\List.csproj", "{9CC6F141-D90B-4CBF-A824-B9992E3974A7}"
EndProject
Global
	GlobalSection(SolutionConfigurationPlatforms) = preSolution
		Debug|Any CPU = Debug|Any CPU
		Release|Any CPU = Release|Any CPU
	EndGlobalSection
	GlobalSection(ProjectConfigurationPlatforms) = postSolution
		{9CC6F141-D90B-4CBF-A824-B9992E3974A7}.Debug|Any CPU.ActiveCfg = Debug|Any CPU
		{9CC6F141-D90B-4CBF-A824-B9992E3974A7}.Debug|Any CPU.Build.0 = Debug|Any CPU
		{9CC6F141-D90B-4CBF-A824-B9992E3974A7}.Release|Any CPU.ActiveCfg = Release|Any CPU
		{9CC6F141-D90B-4CBF-A824-B9992E3974A7}.Release|Any CPU.Build.0 = Release|Any CPU
	EndGlobalSection
	GlobalSection(SolutionProperties) = preSolution
		HideSolutionNode = FALSE
	EndGlobalSection
	GlobalSection(ExtensibilityGlobals) = postSolution
		SolutionGuid = {A7B76947-75D8-4A52-A90C-8EC320A21AC4}
	EndGlobalSection
EndGlobal
